// !$*UTF8*$!
{
	archiveVersion = 1;
	classes = {
	};
	objectVersion = 55;
	objects = {

/* Begin PBXBuildFile section */
		9A82B09E2866F7620013A1DB /* Widget_HealthKit_practiceApp.swift in Sources */ = {isa = PBXBuildFile; fileRef = 9A82B08E2866F7600013A1DB /* Widget_HealthKit_practiceApp.swift */; };
		9A82B09F2866F7620013A1DB /* Widget_HealthKit_practiceApp.swift in Sources */ = {isa = PBXBuildFile; fileRef = 9A82B08E2866F7600013A1DB /* Widget_HealthKit_practiceApp.swift */; };
		9A82B0A02866F7620013A1DB /* ContentView.swift in Sources */ = {isa = PBXBuildFile; fileRef = 9A82B08F2866F7600013A1DB /* ContentView.swift */; };
		9A82B0A12866F7620013A1DB /* ContentView.swift in Sources */ = {isa = PBXBuildFile; fileRef = 9A82B08F2866F7600013A1DB /* ContentView.swift */; };
		9A82B0A22866F7620013A1DB /* Assets.xcassets in Resources */ = {isa = PBXBuildFile; fileRef = 9A82B0902866F7620013A1DB /* Assets.xcassets */; };
		9A82B0A32866F7620013A1DB /* Assets.xcassets in Resources */ = {isa = PBXBuildFile; fileRef = 9A82B0902866F7620013A1DB /* Assets.xcassets */; };
		9ACC8F212866F8620044B8B8 /* WidgetKit.framework in Frameworks */ = {isa = PBXBuildFile; fileRef = 9ACC8F202866F8620044B8B8 /* WidgetKit.framework */; };
		9ACC8F232866F8620044B8B8 /* SwiftUI.framework in Frameworks */ = {isa = PBXBuildFile; fileRef = 9ACC8F222866F8620044B8B8 /* SwiftUI.framework */; };
		9ACC8F262866F8620044B8B8 /* healthkit_widget.swift in Sources */ = {isa = PBXBuildFile; fileRef = 9ACC8F252866F8620044B8B8 /* healthkit_widget.swift */; };
		9ACC8F292866F8630044B8B8 /* Assets.xcassets in Resources */ = {isa = PBXBuildFile; fileRef = 9ACC8F282866F8630044B8B8 /* Assets.xcassets */; };
		9ACC8F2B2866F8630044B8B8 /* healthkit_widget.intentdefinition in Sources */ = {isa = PBXBuildFile; fileRef = 9ACC8F272866F8630044B8B8 /* healthkit_widget.intentdefinition */; };
		9ACC8F2C2866F8630044B8B8 /* healthkit_widget.intentdefinition in Sources */ = {isa = PBXBuildFile; fileRef = 9ACC8F272866F8630044B8B8 /* healthkit_widget.intentdefinition */; };
		9ACC8F2F2866F8630044B8B8 /* healthkit-widgetExtension.appex in Embed App Extensions */ = {isa = PBXBuildFile; fileRef = 9ACC8F1E2866F8620044B8B8 /* healthkit-widgetExtension.appex */; settings = {ATTRIBUTES = (RemoveHeadersOnCopy, ); }; };
		9ACC8F39286720BE0044B8B8 /* SimpleEntry.swift in Sources */ = {isa = PBXBuildFile; fileRef = 9ACC8F35286720A10044B8B8 /* SimpleEntry.swift */; };
/* End PBXBuildFile section */

/* Begin PBXContainerItemProxy section */
		9ACC8F2D2866F8630044B8B8 /* PBXContainerItemProxy */ = {
			isa = PBXContainerItemProxy;
			containerPortal = 9A82B0892866F7600013A1DB /* Project object */;
			proxyType = 1;
			remoteGlobalIDString = 9ACC8F1D2866F8620044B8B8;
			remoteInfo = "healthkit-widgetExtension";
		};
/* End PBXContainerItemProxy section */

/* Begin PBXCopyFilesBuildPhase section */
		9ACC8F302866F8630044B8B8 /* Embed App Extensions */ = {
			isa = PBXCopyFilesBuildPhase;
			buildActionMask = 2147483647;
			dstPath = "";
			dstSubfolderSpec = 13;
			files = (
				9ACC8F2F2866F8630044B8B8 /* healthkit-widgetExtension.appex in Embed App Extensions */,
			);
			name = "Embed App Extensions";
			runOnlyForDeploymentPostprocessing = 0;
		};
/* End PBXCopyFilesBuildPhase section */

/* Begin PBXFileReference section */
		9A82B08E2866F7600013A1DB /* Widget_HealthKit_practiceApp.swift */ = {isa = PBXFileReference; lastKnownFileType = sourcecode.swift; path = Widget_HealthKit_practiceApp.swift; sourceTree = "<group>"; };
		9A82B08F2866F7600013A1DB /* ContentView.swift */ = {isa = PBXFileReference; lastKnownFileType = sourcecode.swift; path = ContentView.swift; sourceTree = "<group>"; };
		9A82B0902866F7620013A1DB /* Assets.xcassets */ = {isa = PBXFileReference; lastKnownFileType = folder.assetcatalog; path = Assets.xcassets; sourceTree = "<group>"; };
		9A82B0952866F7620013A1DB /* Widget-HealthKit-practice.app */ = {isa = PBXFileReference; explicitFileType = wrapper.application; includeInIndex = 0; path = "Widget-HealthKit-practice.app"; sourceTree = BUILT_PRODUCTS_DIR; };
		9A82B09B2866F7620013A1DB /* Widget-HealthKit-practice.app */ = {isa = PBXFileReference; explicitFileType = wrapper.application; includeInIndex = 0; path = "Widget-HealthKit-practice.app"; sourceTree = BUILT_PRODUCTS_DIR; };
		9A82B09D2866F7620013A1DB /* macOS.entitlements */ = {isa = PBXFileReference; lastKnownFileType = text.plist.entitlements; path = macOS.entitlements; sourceTree = "<group>"; };
		9ACC8F1E2866F8620044B8B8 /* healthkit-widgetExtension.appex */ = {isa = PBXFileReference; explicitFileType = "wrapper.app-extension"; includeInIndex = 0; path = "healthkit-widgetExtension.appex"; sourceTree = BUILT_PRODUCTS_DIR; };
		9ACC8F202866F8620044B8B8 /* WidgetKit.framework */ = {isa = PBXFileReference; lastKnownFileType = wrapper.framework; name = WidgetKit.framework; path = System/Library/Frameworks/WidgetKit.framework; sourceTree = SDKROOT; };
		9ACC8F222866F8620044B8B8 /* SwiftUI.framework */ = {isa = PBXFileReference; lastKnownFileType = wrapper.framework; name = SwiftUI.framework; path = System/Library/Frameworks/SwiftUI.framework; sourceTree = SDKROOT; };
		9ACC8F252866F8620044B8B8 /* healthkit_widget.swift */ = {isa = PBXFileReference; lastKnownFileType = sourcecode.swift; path = healthkit_widget.swift; sourceTree = "<group>"; };
		9ACC8F272866F8630044B8B8 /* healthkit_widget.intentdefinition */ = {isa = PBXFileReference; lastKnownFileType = file.intentdefinition; path = healthkit_widget.intentdefinition; sourceTree = "<group>"; };
		9ACC8F282866F8630044B8B8 /* Assets.xcassets */ = {isa = PBXFileReference; lastKnownFileType = folder.assetcatalog; path = Assets.xcassets; sourceTree = "<group>"; };
		9ACC8F2A2866F8630044B8B8 /* Info.plist */ = {isa = PBXFileReference; lastKnownFileType = text.plist.xml; path = Info.plist; sourceTree = "<group>"; };
		9ACC8F35286720A10044B8B8 /* SimpleEntry.swift */ = {isa = PBXFileReference; lastKnownFileType = sourcecode.swift; path = SimpleEntry.swift; sourceTree = "<group>"; };
/* End PBXFileReference section */

/* Begin PBXFrameworksBuildPhase section */
		9A82B0922866F7620013A1DB /* Frameworks */ = {
			isa = PBXFrameworksBuildPhase;
			buildActionMask = 2147483647;
			files = (
			);
			runOnlyForDeploymentPostprocessing = 0;
		};
		9A82B0982866F7620013A1DB /* Frameworks */ = {
			isa = PBXFrameworksBuildPhase;
			buildActionMask = 2147483647;
			files = (
			);
			runOnlyForDeploymentPostprocessing = 0;
		};
		9ACC8F1B2866F8620044B8B8 /* Frameworks */ = {
			isa = PBXFrameworksBuildPhase;
			buildActionMask = 2147483647;
			files = (
				9ACC8F232866F8620044B8B8 /* SwiftUI.framework in Frameworks */,
				9ACC8F212866F8620044B8B8 /* WidgetKit.framework in Frameworks */,
			);
			runOnlyForDeploymentPostprocessing = 0;
		};
/* End PBXFrameworksBuildPhase section */

/* Begin PBXGroup section */
		9A82B0882866F7600013A1DB = {
			isa = PBXGroup;
			children = (
				9A82B08D2866F7600013A1DB /* Shared */,
				9A82B09C2866F7620013A1DB /* macOS */,
				9ACC8F242866F8620044B8B8 /* healthkit-widget */,
				9ACC8F1F2866F8620044B8B8 /* Frameworks */,
				9A82B0962866F7620013A1DB /* Products */,
			);
			sourceTree = "<group>";
		};
		9A82B08D2866F7600013A1DB /* Shared */ = {
			isa = PBXGroup;
			children = (
				9A82B08E2866F7600013A1DB /* Widget_HealthKit_practiceApp.swift */,
				9A82B08F2866F7600013A1DB /* ContentView.swift */,
				9A82B0902866F7620013A1DB /* Assets.xcassets */,
			);
			path = Shared;
			sourceTree = "<group>";
		};
		9A82B0962866F7620013A1DB /* Products */ = {
			isa = PBXGroup;
			children = (
				9A82B0952866F7620013A1DB /* Widget-HealthKit-practice.app */,
				9A82B09B2866F7620013A1DB /* Widget-HealthKit-practice.app */,
				9ACC8F1E2866F8620044B8B8 /* healthkit-widgetExtension.appex */,
			);
			name = Products;
			sourceTree = "<group>";
		};
		9A82B09C2866F7620013A1DB /* macOS */ = {
			isa = PBXGroup;
			children = (
				9A82B09D2866F7620013A1DB /* macOS.entitlements */,
			);
			path = macOS;
			sourceTree = "<group>";
		};
		9ACC8F1F2866F8620044B8B8 /* Frameworks */ = {
			isa = PBXGroup;
			children = (
				9ACC8F202866F8620044B8B8 /* WidgetKit.framework */,
				9ACC8F222866F8620044B8B8 /* SwiftUI.framework */,
			);
			name = Frameworks;
			sourceTree = "<group>";
		};
		9ACC8F242866F8620044B8B8 /* healthkit-widget */ = {
			isa = PBXGroup;
			children = (
				9ACC8F34286720790044B8B8 /* Model */,
				9ACC8F252866F8620044B8B8 /* healthkit_widget.swift */,
				9ACC8F272866F8630044B8B8 /* healthkit_widget.intentdefinition */,
				9ACC8F282866F8630044B8B8 /* Assets.xcassets */,
				9ACC8F2A2866F8630044B8B8 /* Info.plist */,
			);
			path = "healthkit-widget";
			sourceTree = "<group>";
		};
		9ACC8F34286720790044B8B8 /* Model */ = {
			isa = PBXGroup;
			children = (
				9ACC8F35286720A10044B8B8 /* SimpleEntry.swift */,
			);
			path = Model;
			sourceTree = "<group>";
		};
/* End PBXGroup section */

/* Begin PBXNativeTarget section */
		9A82B0942866F7620013A1DB /* Widget-HealthKit-practice (iOS) */ = {
			isa = PBXNativeTarget;
			buildConfigurationList = 9A82B0A62866F7620013A1DB /* Build configuration list for PBXNativeTarget "Widget-HealthKit-practice (iOS)" */;
			buildPhases = (
				9A82B0912866F7620013A1DB /* Sources */,
				9A82B0922866F7620013A1DB /* Frameworks */,
				9A82B0932866F7620013A1DB /* Resources */,
				9ACC8F302866F8630044B8B8 /* Embed App Extensions */,
			);
			buildRules = (
			);
			dependencies = (
				9ACC8F2E2866F8630044B8B8 /* PBXTargetDependency */,
			);
			name = "Widget-HealthKit-practice (iOS)";
			productName = "Widget-HealthKit-practice (iOS)";
			productReference = 9A82B0952866F7620013A1DB /* Widget-HealthKit-practice.app */;
			productType = "com.apple.product-type.application";
		};
		9A82B09A2866F7620013A1DB /* Widget-HealthKit-practice (macOS) */ = {
			isa = PBXNativeTarget;
			buildConfigurationList = 9A82B0A92866F7620013A1DB /* Build configuration list for PBXNativeTarget "Widget-HealthKit-practice (macOS)" */;
			buildPhases = (
				9A82B0972866F7620013A1DB /* Sources */,
				9A82B0982866F7620013A1DB /* Frameworks */,
				9A82B0992866F7620013A1DB /* Resources */,
			);
			buildRules = (
			);
			dependencies = (
			);
			name = "Widget-HealthKit-practice (macOS)";
			productName = "Widget-HealthKit-practice (macOS)";
			productReference = 9A82B09B2866F7620013A1DB /* Widget-HealthKit-practice.app */;
			productType = "com.apple.product-type.application";
		};
		9ACC8F1D2866F8620044B8B8 /* healthkit-widgetExtension */ = {
			isa = PBXNativeTarget;
			buildConfigurationList = 9ACC8F332866F8630044B8B8 /* Build configuration list for PBXNativeTarget "healthkit-widgetExtension" */;
			buildPhases = (
				9ACC8F1A2866F8620044B8B8 /* Sources */,
				9ACC8F1B2866F8620044B8B8 /* Frameworks */,
				9ACC8F1C2866F8620044B8B8 /* Resources */,
			);
			buildRules = (
			);
			dependencies = (
			);
			name = "healthkit-widgetExtension";
			productName = "healthkit-widgetExtension";
			productReference = 9ACC8F1E2866F8620044B8B8 /* healthkit-widgetExtension.appex */;
			productType = "com.apple.product-type.app-extension";
		};
/* End PBXNativeTarget section */

/* Begin PBXProject section */
		9A82B0892866F7600013A1DB /* Project object */ = {
			isa = PBXProject;
			attributes = {
				BuildIndependentTargetsInParallel = 1;
				LastSwiftUpdateCheck = 1340;
				LastUpgradeCheck = 1340;
				TargetAttributes = {
					9A82B0942866F7620013A1DB = {
						CreatedOnToolsVersion = 13.4.1;
					};
					9A82B09A2866F7620013A1DB = {
						CreatedOnToolsVersion = 13.4.1;
					};
					9ACC8F1D2866F8620044B8B8 = {
						CreatedOnToolsVersion = 13.4.1;
					};
				};
			};
			buildConfigurationList = 9A82B08C2866F7600013A1DB /* Build configuration list for PBXProject "Widget-HealthKit-practice" */;
			compatibilityVersion = "Xcode 13.0";
			developmentRegion = en;
			hasScannedForEncodings = 0;
			knownRegions = (
				en,
				Base,
			);
			mainGroup = 9A82B0882866F7600013A1DB;
			productRefGroup = 9A82B0962866F7620013A1DB /* Products */;
			projectDirPath = "";
			projectRoot = "";
			targets = (
				9A82B0942866F7620013A1DB /* Widget-HealthKit-practice (iOS) */,
				9A82B09A2866F7620013A1DB /* Widget-HealthKit-practice (macOS) */,
				9ACC8F1D2866F8620044B8B8 /* healthkit-widgetExtension */,
			);
		};
/* End PBXProject section */

/* Begin PBXResourcesBuildPhase section */
		9A82B0932866F7620013A1DB /* Resources */ = {
			isa = PBXResourcesBuildPhase;
			buildActionMask = 2147483647;
			files = (
				9A82B0A22866F7620013A1DB /* Assets.xcassets in Resources */,
			);
			runOnlyForDeploymentPostprocessing = 0;
		};
		9A82B0992866F7620013A1DB /* Resources */ = {
			isa = PBXResourcesBuildPhase;
			buildActionMask = 2147483647;
			files = (
				9A82B0A32866F7620013A1DB /* Assets.xcassets in Resources */,
			);
			runOnlyForDeploymentPostprocessing = 0;
		};
		9ACC8F1C2866F8620044B8B8 /* Resources */ = {
			isa = PBXResourcesBuildPhase;
			buildActionMask = 2147483647;
			files = (
				9ACC8F292866F8630044B8B8 /* Assets.xcassets in Resources */,
			);
			runOnlyForDeploymentPostprocessing = 0;
		};
/* End PBXResourcesBuildPhase section */

/* Begin PBXSourcesBuildPhase section */
		9A82B0912866F7620013A1DB /* Sources */ = {
			isa = PBXSourcesBuildPhase;
			buildActionMask = 2147483647;
			files = (
				9ACC8F2C2866F8630044B8B8 /* healthkit_widget.intentdefinition in Sources */,
				9A82B0A02866F7620013A1DB /* ContentView.swift in Sources */,
				9A82B09E2866F7620013A1DB /* Widget_HealthKit_practiceApp.swift in Sources */,
			);
			runOnlyForDeploymentPostprocessing = 0;
		};
		9A82B0972866F7620013A1DB /* Sources */ = {
			isa = PBXSourcesBuildPhase;
			buildActionMask = 2147483647;
			files = (
				9A82B0A12866F7620013A1DB /* ContentView.swift in Sources */,
				9A82B09F2866F7620013A1DB /* Widget_HealthKit_practiceApp.swift in Sources */,
			);
			runOnlyForDeploymentPostprocessing = 0;
		};
		9ACC8F1A2866F8620044B8B8 /* Sources */ = {
			isa = PBXSourcesBuildPhase;
			buildActionMask = 2147483647;
			files = (
				9ACC8F39286720BE0044B8B8 /* SimpleEntry.swift in Sources */,
				9ACC8F262866F8620044B8B8 /* healthkit_widget.swift in Sources */,
				9ACC8F2B2866F8630044B8B8 /* healthkit_widget.intentdefinition in Sources */,
			);
			runOnlyForDeploymentPostprocessing = 0;
		};
/* End PBXSourcesBuildPhase section */

/* Begin PBXTargetDependency section */
		9ACC8F2E2866F8630044B8B8 /* PBXTargetDependency */ = {
			isa = PBXTargetDependency;
			target = 9ACC8F1D2866F8620044B8B8 /* healthkit-widgetExtension */;
			targetProxy = 9ACC8F2D2866F8630044B8B8 /* PBXContainerItemProxy */;
		};
/* End PBXTargetDependency section */

/* Begin XCBuildConfiguration section */
		9A82B0A42866F7620013A1DB /* Debug */ = {
			isa = XCBuildConfiguration;
			buildSettings = {
				ALWAYS_SEARCH_USER_PATHS = NO;
				CLANG_ANALYZER_NONNULL = YES;
				CLANG_ANALYZER_NUMBER_OBJECT_CONVERSION = YES_AGGRESSIVE;
				CLANG_CXX_LANGUAGE_STANDARD = "gnu++17";
				CLANG_ENABLE_MODULES = YES;
				CLANG_ENABLE_OBJC_ARC = YES;
				CLANG_ENABLE_OBJC_WEAK = YES;
				CLANG_WARN_BLOCK_CAPTURE_AUTORELEASING = YES;
				CLANG_WARN_BOOL_CONVERSION = YES;
				CLANG_WARN_COMMA = YES;
				CLANG_WARN_CONSTANT_CONVERSION = YES;
				CLANG_WARN_DEPRECATED_OBJC_IMPLEMENTATIONS = YES;
				CLANG_WARN_DIRECT_OBJC_ISA_USAGE = YES_ERROR;
				CLANG_WARN_DOCUMENTATION_COMMENTS = YES;
				CLANG_WARN_EMPTY_BODY = YES;
				CLANG_WARN_ENUM_CONVERSION = YES;
				CLANG_WARN_INFINITE_RECURSION = YES;
				CLANG_WARN_INT_CONVERSION = YES;
				CLANG_WARN_NON_LITERAL_NULL_CONVERSION = YES;
				CLANG_WARN_OBJC_IMPLICIT_RETAIN_SELF = YES;
				CLANG_WARN_OBJC_LITERAL_CONVERSION = YES;
				CLANG_WARN_OBJC_ROOT_CLASS = YES_ERROR;
				CLANG_WARN_QUOTED_INCLUDE_IN_FRAMEWORK_HEADER = YES;
				CLANG_WARN_RANGE_LOOP_ANALYSIS = YES;
				CLANG_WARN_STRICT_PROTOTYPES = YES;
				CLANG_WARN_SUSPICIOUS_MOVE = YES;
				CLANG_WARN_UNGUARDED_AVAILABILITY = YES_AGGRESSIVE;
				CLANG_WARN_UNREACHABLE_CODE = YES;
				CLANG_WARN__DUPLICATE_METHOD_MATCH = YES;
				COPY_PHASE_STRIP = NO;
				DEBUG_INFORMATION_FORMAT = dwarf;
				ENABLE_STRICT_OBJC_MSGSEND = YES;
				ENABLE_TESTABILITY = YES;
				GCC_C_LANGUAGE_STANDARD = gnu11;
				GCC_DYNAMIC_NO_PIC = NO;
				GCC_NO_COMMON_BLOCKS = YES;
				GCC_OPTIMIZATION_LEVEL = 0;
				GCC_PREPROCESSOR_DEFINITIONS = (
					"DEBUG=1",
					"$(inherited)",
				);
				GCC_WARN_64_TO_32_BIT_CONVERSION = YES;
				GCC_WARN_ABOUT_RETURN_TYPE = YES_ERROR;
				GCC_WARN_UNDECLARED_SELECTOR = YES;
				GCC_WARN_UNINITIALIZED_AUTOS = YES_AGGRESSIVE;
				GCC_WARN_UNUSED_FUNCTION = YES;
				GCC_WARN_UNUSED_VARIABLE = YES;
				MTL_ENABLE_DEBUG_INFO = INCLUDE_SOURCE;
				MTL_FAST_MATH = YES;
				ONLY_ACTIVE_ARCH = YES;
				SWIFT_ACTIVE_COMPILATION_CONDITIONS = DEBUG;
				SWIFT_OPTIMIZATION_LEVEL = "-Onone";
			};
			name = Debug;
		};
		9A82B0A52866F7620013A1DB /* Release */ = {
			isa = XCBuildConfiguration;
			buildSettings = {
				ALWAYS_SEARCH_USER_PATHS = NO;
				CLANG_ANALYZER_NONNULL = YES;
				CLANG_ANALYZER_NUMBER_OBJECT_CONVERSION = YES_AGGRESSIVE;
				CLANG_CXX_LANGUAGE_STANDARD = "gnu++17";
				CLANG_ENABLE_MODULES = YES;
				CLANG_ENABLE_OBJC_ARC = YES;
				CLANG_ENABLE_OBJC_WEAK = YES;
				CLANG_WARN_BLOCK_CAPTURE_AUTORELEASING = YES;
				CLANG_WARN_BOOL_CONVERSION = YES;
				CLANG_WARN_COMMA = YES;
				CLANG_WARN_CONSTANT_CONVERSION = YES;
				CLANG_WARN_DEPRECATED_OBJC_IMPLEMENTATIONS = YES;
				CLANG_WARN_DIRECT_OBJC_ISA_USAGE = YES_ERROR;
				CLANG_WARN_DOCUMENTATION_COMMENTS = YES;
				CLANG_WARN_EMPTY_BODY = YES;
				CLANG_WARN_ENUM_CONVERSION = YES;
				CLANG_WARN_INFINITE_RECURSION = YES;
				CLANG_WARN_INT_CONVERSION = YES;
				CLANG_WARN_NON_LITERAL_NULL_CONVERSION = YES;
				CLANG_WARN_OBJC_IMPLICIT_RETAIN_SELF = YES;
				CLANG_WARN_OBJC_LITERAL_CONVERSION = YES;
				CLANG_WARN_OBJC_ROOT_CLASS = YES_ERROR;
				CLANG_WARN_QUOTED_INCLUDE_IN_FRAMEWORK_HEADER = YES;
				CLANG_WARN_RANGE_LOOP_ANALYSIS = YES;
				CLANG_WARN_STRICT_PROTOTYPES = YES;
				CLANG_WARN_SUSPICIOUS_MOVE = YES;
				CLANG_WARN_UNGUARDED_AVAILABILITY = YES_AGGRESSIVE;
				CLANG_WARN_UNREACHABLE_CODE = YES;
				CLANG_WARN__DUPLICATE_METHOD_MATCH = YES;
				COPY_PHASE_STRIP = NO;
				DEBUG_INFORMATION_FORMAT = "dwarf-with-dsym";
				ENABLE_NS_ASSERTIONS = NO;
				ENABLE_STRICT_OBJC_MSGSEND = YES;
				GCC_C_LANGUAGE_STANDARD = gnu11;
				GCC_NO_COMMON_BLOCKS = YES;
				GCC_WARN_64_TO_32_BIT_CONVERSION = YES;
				GCC_WARN_ABOUT_RETURN_TYPE = YES_ERROR;
				GCC_WARN_UNDECLARED_SELECTOR = YES;
				GCC_WARN_UNINITIALIZED_AUTOS = YES_AGGRESSIVE;
				GCC_WARN_UNUSED_FUNCTION = YES;
				GCC_WARN_UNUSED_VARIABLE = YES;
				MTL_ENABLE_DEBUG_INFO = NO;
				MTL_FAST_MATH = YES;
				SWIFT_COMPILATION_MODE = wholemodule;
				SWIFT_OPTIMIZATION_LEVEL = "-O";
			};
			name = Release;
		};
		9A82B0A72866F7620013A1DB /* Debug */ = {
			isa = XCBuildConfiguration;
			buildSettings = {
				ALWAYS_EMBED_SWIFT_STANDARD_LIBRARIES = YES;
				ASSETCATALOG_COMPILER_APPICON_NAME = AppIcon;
				ASSETCATALOG_COMPILER_GLOBAL_ACCENT_COLOR_NAME = AccentColor;
				CODE_SIGN_STYLE = Automatic;
				CURRENT_PROJECT_VERSION = 1;
				DEVELOPMENT_TEAM = 9G3YY3Y77Z;
				ENABLE_PREVIEWS = YES;
				GENERATE_INFOPLIST_FILE = YES;
				INFOPLIST_KEY_UIApplicationSceneManifest_Generation = YES;
				INFOPLIST_KEY_UIApplicationSupportsIndirectInputEvents = YES;
				INFOPLIST_KEY_UILaunchScreen_Generation = YES;
				INFOPLIST_KEY_UISupportedInterfaceOrientations_iPad = "UIInterfaceOrientationPortrait UIInterfaceOrientationPortraitUpsideDown UIInterfaceOrientationLandscapeLeft UIInterfaceOrientationLandscapeRight";
				INFOPLIST_KEY_UISupportedInterfaceOrientations_iPhone = "UIInterfaceOrientationPortrait UIInterfaceOrientationLandscapeLeft UIInterfaceOrientationLandscapeRight";
				IPHONEOS_DEPLOYMENT_TARGET = 15.5;
				LD_RUNPATH_SEARCH_PATHS = (
					"$(inherited)",
					"@executable_path/Frameworks",
				);
				MARKETING_VERSION = 1.0;
				PRODUCT_BUNDLE_IDENTIFIER = "jp.dd2d.Widget-HealthKit-practice";
				PRODUCT_NAME = "Widget-HealthKit-practice";
				SDKROOT = iphoneos;
				SWIFT_EMIT_LOC_STRINGS = YES;
				SWIFT_VERSION = 5.0;
				TARGETED_DEVICE_FAMILY = "1,2";
			};
			name = Debug;
		};
		9A82B0A82866F7620013A1DB /* Release */ = {
			isa = XCBuildConfiguration;
			buildSettings = {
				ALWAYS_EMBED_SWIFT_STANDARD_LIBRARIES = YES;
				ASSETCATALOG_COMPILER_APPICON_NAME = AppIcon;
				ASSETCATALOG_COMPILER_GLOBAL_ACCENT_COLOR_NAME = AccentColor;
				CODE_SIGN_STYLE = Automatic;
				CURRENT_PROJECT_VERSION = 1;
				DEVELOPMENT_TEAM = 9G3YY3Y77Z;
				ENABLE_PREVIEWS = YES;
				GENERATE_INFOPLIST_FILE = YES;
				INFOPLIST_KEY_UIApplicationSceneManifest_Generation = YES;
				INFOPLIST_KEY_UIApplicationSupportsIndirectInputEvents = YES;
				INFOPLIST_KEY_UILaunchScreen_Generation = YES;
				INFOPLIST_KEY_UISupportedInterfaceOrientations_iPad = "UIInterfaceOrientationPortrait UIInterfaceOrientationPortraitUpsideDown UIInterfaceOrientationLandscapeLeft UIInterfaceOrientationLandscapeRight";
				INFOPLIST_KEY_UISupportedInterfaceOrientations_iPhone = "UIInterfaceOrientationPortrait UIInterfaceOrientationLandscapeLeft UIInterfaceOrientationLandscapeRight";
				IPHONEOS_DEPLOYMENT_TARGET = 15.5;
				LD_RUNPATH_SEARCH_PATHS = (
					"$(inherited)",
					"@executable_path/Frameworks",
				);
				MARKETING_VERSION = 1.0;
				PRODUCT_BUNDLE_IDENTIFIER = "jp.dd2d.Widget-HealthKit-practice";
				PRODUCT_NAME = "Widget-HealthKit-practice";
				SDKROOT = iphoneos;
				SWIFT_EMIT_LOC_STRINGS = YES;
				SWIFT_VERSION = 5.0;
				TARGETED_DEVICE_FAMILY = "1,2";
				VALIDATE_PRODUCT = YES;
			};
			name = Release;
		};
		9A82B0AA2866F7620013A1DB /* Debug */ = {
			isa = XCBuildConfiguration;
			buildSettings = {
				ASSETCATALOG_COMPILER_APPICON_NAME = AppIcon;
				ASSETCATALOG_COMPILER_GLOBAL_ACCENT_COLOR_NAME = AccentColor;
				CODE_SIGN_ENTITLEMENTS = macOS/macOS.entitlements;
				CODE_SIGN_STYLE = Automatic;
				COMBINE_HIDPI_IMAGES = YES;
				CURRENT_PROJECT_VERSION = 1;
				DEVELOPMENT_TEAM = 9G3YY3Y77Z;
				ENABLE_HARDENED_RUNTIME = YES;
				ENABLE_PREVIEWS = YES;
				GENERATE_INFOPLIST_FILE = YES;
				INFOPLIST_KEY_NSHumanReadableCopyright = "";
				LD_RUNPATH_SEARCH_PATHS = (
					"$(inherited)",
					"@executable_path/../Frameworks",
				);
				MACOSX_DEPLOYMENT_TARGET = 12.3;
				MARKETING_VERSION = 1.0;
				PRODUCT_BUNDLE_IDENTIFIER = "jp.dd2d.Widget-HealthKit-practice";
				PRODUCT_NAME = "Widget-HealthKit-practice";
				SDKROOT = macosx;
				SWIFT_EMIT_LOC_STRINGS = YES;
				SWIFT_VERSION = 5.0;
			};
			name = Debug;
		};
		9A82B0AB2866F7620013A1DB /* Release */ = {
			isa = XCBuildConfiguration;
			buildSettings = {
				ASSETCATALOG_COMPILER_APPICON_NAME = AppIcon;
				ASSETCATALOG_COMPILER_GLOBAL_ACCENT_COLOR_NAME = AccentColor;
				CODE_SIGN_ENTITLEMENTS = macOS/macOS.entitlements;
				CODE_SIGN_STYLE = Automatic;
				COMBINE_HIDPI_IMAGES = YES;
				CURRENT_PROJECT_VERSION = 1;
				DEVELOPMENT_TEAM = 9G3YY3Y77Z;
				ENABLE_HARDENED_RUNTIME = YES;
				ENABLE_PREVIEWS = YES;
				GENERATE_INFOPLIST_FILE = YES;
				INFOPLIST_KEY_NSHumanReadableCopyright = "";
				LD_RUNPATH_SEARCH_PATHS = (
					"$(inherited)",
					"@executable_path/../Frameworks",
				);
				MACOSX_DEPLOYMENT_TARGET = 12.3;
				MARKETING_VERSION = 1.0;
				PRODUCT_BUNDLE_IDENTIFIER = "jp.dd2d.Widget-HealthKit-practice";
				PRODUCT_NAME = "Widget-HealthKit-practice";
				SDKROOT = macosx;
				SWIFT_EMIT_LOC_STRINGS = YES;
				SWIFT_VERSION = 5.0;
			};
			name = Release;
		};
		9ACC8F312866F8630044B8B8 /* Debug */ = {
			isa = XCBuildConfiguration;
			buildSettings = {
				ASSETCATALOG_COMPILER_GLOBAL_ACCENT_COLOR_NAME = AccentColor;
				ASSETCATALOG_COMPILER_WIDGET_BACKGROUND_COLOR_NAME = WidgetBackground;
				CODE_SIGN_STYLE = Automatic;
				CURRENT_PROJECT_VERSION = 1;
				DEVELOPMENT_TEAM = 9G3YY3Y77Z;
				GENERATE_INFOPLIST_FILE = YES;
				INFOPLIST_FILE = "healthkit-widget/Info.plist";
				INFOPLIST_KEY_CFBundleDisplayName = "healthkit-widget";
				INFOPLIST_KEY_NSHumanReadableCopyright = "";
				IPHONEOS_DEPLOYMENT_TARGET = 15.2;
				LD_RUNPATH_SEARCH_PATHS = (
					"$(inherited)",
					"@executable_path/Frameworks",
					"@executable_path/../../Frameworks",
				);
				MARKETING_VERSION = 1.0;
				PRODUCT_BUNDLE_IDENTIFIER = "jp.dd2d.Widget-HealthKit-practice.healthkit-widget";
				PRODUCT_NAME = "$(TARGET_NAME)";
				SDKROOT = iphoneos;
				SKIP_INSTALL = YES;
				SWIFT_EMIT_LOC_STRINGS = YES;
				SWIFT_VERSION = 5.0;
				TARGETED_DEVICE_FAMILY = 1;
			};
			name = Debug;
		};
		9ACC8F322866F8630044B8B8 /* Release */ = {
			isa = XCBuildConfiguration;
			buildSettings = {
				ASSETCATALOG_COMPILER_GLOBAL_ACCENT_COLOR_NAME = AccentColor;
				ASSETCATALOG_COMPILER_WIDGET_BACKGROUND_COLOR_NAME = WidgetBackground;
				CODE_SIGN_STYLE = Automatic;
				CURRENT_PROJECT_VERSION = 1;
				DEVELOPMENT_TEAM = 9G3YY3Y77Z;
				GENERATE_INFOPLIST_FILE = YES;
				INFOPLIST_FILE = "healthkit-widget/Info.plist";
				INFOPLIST_KEY_CFBundleDisplayName = "healthkit-widget";
				INFOPLIST_KEY_NSHumanReadableCopyright = "";
				IPHONEOS_DEPLOYMENT_TARGET = 15.2;
				LD_RUNPATH_SEARCH_PATHS = (
					"$(inherited)",
					"@executable_path/Frameworks",
					"@executable_path/../../Frameworks",
				);
				MARKETING_VERSION = 1.0;
				PRODUCT_BUNDLE_IDENTIFIER = "jp.dd2d.Widget-HealthKit-practice.healthkit-widget";
				PRODUCT_NAME = "$(TARGET_NAME)";
				SDKROOT = iphoneos;
				SKIP_INSTALL = YES;
				SWIFT_EMIT_LOC_STRINGS = YES;
				SWIFT_VERSION = 5.0;
				TARGETED_DEVICE_FAMILY = 1;
				VALIDATE_PRODUCT = YES;
			};
			name = Release;
		};
/* End XCBuildConfiguration section */

/* Begin XCConfigurationList section */
		9A82B08C2866F7600013A1DB /* Build configuration list for PBXProject "Widget-HealthKit-practice" */ = {
			isa = XCConfigurationList;
			buildConfigurations = (
				9A82B0A42866F7620013A1DB /* Debug */,
				9A82B0A52866F7620013A1DB /* Release */,
			);
			defaultConfigurationIsVisible = 0;
			defaultConfigurationName = Release;
		};
		9A82B0A62866F7620013A1DB /* Build configuration list for PBXNativeTarget "Widget-HealthKit-practice (iOS)" */ = {
			isa = XCConfigurationList;
			buildConfigurations = (
				9A82B0A72866F7620013A1DB /* Debug */,
				9A82B0A82866F7620013A1DB /* Release */,
			);
			defaultConfigurationIsVisible = 0;
			defaultConfigurationName = Release;
		};
		9A82B0A92866F7620013A1DB /* Build configuration list for PBXNativeTarget "Widget-HealthKit-practice (macOS)" */ = {
			isa = XCConfigurationList;
			buildConfigurations = (
				9A82B0AA2866F7620013A1DB /* Debug */,
				9A82B0AB2866F7620013A1DB /* Release */,
			);
			defaultConfigurationIsVisible = 0;
			defaultConfigurationName = Release;
		};
		9ACC8F332866F8630044B8B8 /* Build configuration list for PBXNativeTarget "healthkit-widgetExtension" */ = {
			isa = XCConfigurationList;
			buildConfigurations = (
				9ACC8F312866F8630044B8B8 /* Debug */,
				9ACC8F322866F8630044B8B8 /* Release */,
			);
			defaultConfigurationIsVisible = 0;
			defaultConfigurationName = Release;
		};
/* End XCConfigurationList section */
	};
	rootObject = 9A82B0892866F7600013A1DB /* Project object */;
}
